// !$*UTF8*$!
{
	archiveVersion = 1;
	classes = {
	};
	objectVersion = 50;
	objects = {

/* Begin PBXBuildFile section */
		2CD47D5D23DCB052007D4315 /* AppDelegate.swift in Sources */ = {isa = PBXBuildFile; fileRef = 2CD47D5C23DCB052007D4315 /* AppDelegate.swift */; };
		2CD47D6423DCB052007D4315 /* Main.storyboard in Resources */ = {isa = PBXBuildFile; fileRef = 2CD47D6223DCB052007D4315 /* Main.storyboard */; };
		2CD47D6623DCB054007D4315 /* Assets.xcassets in Resources */ = {isa = PBXBuildFile; fileRef = 2CD47D6523DCB054007D4315 /* Assets.xcassets */; };
		2CD47D6923DCB054007D4315 /* LaunchScreen.storyboard in Resources */ = {isa = PBXBuildFile; fileRef = 2CD47D6723DCB054007D4315 /* LaunchScreen.storyboard */; };
		2CD47D7223DCB098007D4315 /* VisualazationViewController.swift in Sources */ = {isa = PBXBuildFile; fileRef = 2CD47D7123DCB098007D4315 /* VisualazationViewController.swift */; };
		2CD47D7423DCB0A7007D4315 /* VisualzationView.swift in Sources */ = {isa = PBXBuildFile; fileRef = 2CD47D7323DCB0A7007D4315 /* VisualzationView.swift */; };
		2CD47D7623DCB0AF007D4315 /* VisualzationPresenter.swift in Sources */ = {isa = PBXBuildFile; fileRef = 2CD47D7523DCB0AF007D4315 /* VisualzationPresenter.swift */; };
		2CD47D7923DCB29B007D4315 /* VisualView.swift in Sources */ = {isa = PBXBuildFile; fileRef = 2CD47D7823DCB29B007D4315 /* VisualView.swift */; };
		2CD47D7B23DCB366007D4315 /* VisualazationAnimationView.swift in Sources */ = {isa = PBXBuildFile; fileRef = 2CD47D7A23DCB366007D4315 /* VisualazationAnimationView.swift */; };
		2CD47D7E23DCB3C9007D4315 /* Algorithm.swift in Sources */ = {isa = PBXBuildFile; fileRef = 2CD47D7D23DCB3C9007D4315 /* Algorithm.swift */; };
		2CD47D8023DCB4DF007D4315 /* InsertionSort.swift in Sources */ = {isa = PBXBuildFile; fileRef = 2CD47D7F23DCB4DF007D4315 /* InsertionSort.swift */; };
		2CD47D8323DCB52D007D4315 /* Array+Extension.swift in Sources */ = {isa = PBXBuildFile; fileRef = 2CD47D8223DCB52D007D4315 /* Array+Extension.swift */; };
		2CD47D8623DCCDEE007D4315 /* AlgorithmFactory.swift in Sources */ = {isa = PBXBuildFile; fileRef = 2CD47D8523DCCDEE007D4315 /* AlgorithmFactory.swift */; };
		2CD47D8823DCD452007D4315 /* SelectionSort.swift in Sources */ = {isa = PBXBuildFile; fileRef = 2CD47D8723DCD452007D4315 /* SelectionSort.swift */; };
		2CD47D8A23DCD4DE007D4315 /* DispatchQueueOperation.swift in Sources */ = {isa = PBXBuildFile; fileRef = 2CD47D8923DCD4DE007D4315 /* DispatchQueueOperation.swift */; };
		2CE36C6123DCE566007B8D6E /* AsyncOperation.swift in Sources */ = {isa = PBXBuildFile; fileRef = 2CE36C6023DCE566007B8D6E /* AsyncOperation.swift */; };
		2CE36C6323DCF489007B8D6E /* QuickSort.swift in Sources */ = {isa = PBXBuildFile; fileRef = 2CE36C6223DCF489007B8D6E /* QuickSort.swift */; };
		2CE36C6523DCF69D007B8D6E /* Constants.swift in Sources */ = {isa = PBXBuildFile; fileRef = 2CE36C6423DCF69D007B8D6E /* Constants.swift */; };
/* End PBXBuildFile section */

/* Begin PBXFileReference section */
		2CD47D5923DCB052007D4315 /* SortAlghoritmsVizual.app */ = {isa = PBXFileReference; explicitFileType = wrapper.application; includeInIndex = 0; path = SortAlghoritmsVizual.app; sourceTree = BUILT_PRODUCTS_DIR; };
		2CD47D5C23DCB052007D4315 /* AppDelegate.swift */ = {isa = PBXFileReference; lastKnownFileType = sourcecode.swift; path = AppDelegate.swift; sourceTree = "<group>"; };
		2CD47D6323DCB052007D4315 /* Base */ = {isa = PBXFileReference; lastKnownFileType = file.storyboard; name = Base; path = Base.lproj/Main.storyboard; sourceTree = "<group>"; };
		2CD47D6523DCB054007D4315 /* Assets.xcassets */ = {isa = PBXFileReference; lastKnownFileType = folder.assetcatalog; path = Assets.xcassets; sourceTree = "<group>"; };
		2CD47D6823DCB054007D4315 /* Base */ = {isa = PBXFileReference; lastKnownFileType = file.storyboard; name = Base; path = Base.lproj/LaunchScreen.storyboard; sourceTree = "<group>"; };
		2CD47D6A23DCB054007D4315 /* Info.plist */ = {isa = PBXFileReference; lastKnownFileType = text.plist.xml; path = Info.plist; sourceTree = "<group>"; };
		2CD47D7123DCB098007D4315 /* VisualazationViewController.swift */ = {isa = PBXFileReference; lastKnownFileType = sourcecode.swift; path = VisualazationViewController.swift; sourceTree = "<group>"; };
		2CD47D7323DCB0A7007D4315 /* VisualzationView.swift */ = {isa = PBXFileReference; lastKnownFileType = sourcecode.swift; path = VisualzationView.swift; sourceTree = "<group>"; };
		2CD47D7523DCB0AF007D4315 /* VisualzationPresenter.swift */ = {isa = PBXFileReference; lastKnownFileType = sourcecode.swift; path = VisualzationPresenter.swift; sourceTree = "<group>"; };
		2CD47D7823DCB29B007D4315 /* VisualView.swift */ = {isa = PBXFileReference; lastKnownFileType = sourcecode.swift; path = VisualView.swift; sourceTree = "<group>"; };
		2CD47D7A23DCB366007D4315 /* VisualazationAnimationView.swift */ = {isa = PBXFileReference; lastKnownFileType = sourcecode.swift; path = VisualazationAnimationView.swift; sourceTree = "<group>"; };
		2CD47D7D23DCB3C9007D4315 /* Algorithm.swift */ = {isa = PBXFileReference; lastKnownFileType = sourcecode.swift; path = Algorithm.swift; sourceTree = "<group>"; };
		2CD47D7F23DCB4DF007D4315 /* InsertionSort.swift */ = {isa = PBXFileReference; lastKnownFileType = sourcecode.swift; path = InsertionSort.swift; sourceTree = "<group>"; };
		2CD47D8223DCB52D007D4315 /* Array+Extension.swift */ = {isa = PBXFileReference; lastKnownFileType = sourcecode.swift; path = "Array+Extension.swift"; sourceTree = "<group>"; };
		2CD47D8523DCCDEE007D4315 /* AlgorithmFactory.swift */ = {isa = PBXFileReference; lastKnownFileType = sourcecode.swift; path = AlgorithmFactory.swift; sourceTree = "<group>"; };
		2CD47D8723DCD452007D4315 /* SelectionSort.swift */ = {isa = PBXFileReference; lastKnownFileType = sourcecode.swift; path = SelectionSort.swift; sourceTree = "<group>"; };
		2CD47D8923DCD4DE007D4315 /* DispatchQueueOperation.swift */ = {isa = PBXFileReference; lastKnownFileType = sourcecode.swift; path = DispatchQueueOperation.swift; sourceTree = "<group>"; };
		2CE36C6023DCE566007B8D6E /* AsyncOperation.swift */ = {isa = PBXFileReference; lastKnownFileType = sourcecode.swift; path = AsyncOperation.swift; sourceTree = "<group>"; };
		2CE36C6223DCF489007B8D6E /* QuickSort.swift */ = {isa = PBXFileReference; lastKnownFileType = sourcecode.swift; path = QuickSort.swift; sourceTree = "<group>"; };
		2CE36C6423DCF69D007B8D6E /* Constants.swift */ = {isa = PBXFileReference; lastKnownFileType = sourcecode.swift; path = Constants.swift; sourceTree = "<group>"; };
/* End PBXFileReference section */

/* Begin PBXFrameworksBuildPhase section */
		2CD47D5623DCB052007D4315 /* Frameworks */ = {
			isa = PBXFrameworksBuildPhase;
			buildActionMask = 2147483647;
			files = (
			);
			runOnlyForDeploymentPostprocessing = 0;
		};
/* End PBXFrameworksBuildPhase section */

/* Begin PBXGroup section */
		2CD47D5023DCB052007D4315 = {
			isa = PBXGroup;
			children = (
				2CD47D5B23DCB052007D4315 /* SortAlghoritmsVizual */,
				2CD47D5A23DCB052007D4315 /* Products */,
			);
			sourceTree = "<group>";
		};
		2CD47D5A23DCB052007D4315 /* Products */ = {
			isa = PBXGroup;
			children = (
				2CD47D5923DCB052007D4315 /* SortAlghoritmsVizual.app */,
			);
			name = Products;
			sourceTree = "<group>";
		};
		2CD47D5B23DCB052007D4315 /* SortAlghoritmsVizual */ = {
			isa = PBXGroup;
			children = (
				2CD47D5C23DCB052007D4315 /* AppDelegate.swift */,
				2CE36C6423DCF69D007B8D6E /* Constants.swift */,
				2CD47D8423DCCDDB007D4315 /* Factory */,
				2CD47D7023DCB07C007D4315 /* Visuallaztion Module */,
				2CD47D8123DCB51E007D4315 /* Helpers */,
				2CD47D6223DCB052007D4315 /* Main.storyboard */,
				2CD47D6523DCB054007D4315 /* Assets.xcassets */,
				2CD47D6723DCB054007D4315 /* LaunchScreen.storyboard */,
				2CD47D6A23DCB054007D4315 /* Info.plist */,
			);
			path = SortAlghoritmsVizual;
			sourceTree = "<group>";
		};
		2CD47D7023DCB07C007D4315 /* Visuallaztion Module */ = {
			isa = PBXGroup;
			children = (
				2CD47D7C23DCB3B9007D4315 /* Model */,
				2CD47D7723DCB279007D4315 /* Custom View */,
				2CD47D7123DCB098007D4315 /* VisualazationViewController.swift */,
				2CD47D7323DCB0A7007D4315 /* VisualzationView.swift */,
				2CD47D7523DCB0AF007D4315 /* VisualzationPresenter.swift */,
			);
			path = "Visuallaztion Module";
			sourceTree = "<group>";
		};
		2CD47D7723DCB279007D4315 /* Custom View */ = {
			isa = PBXGroup;
			children = (
				2CD47D7A23DCB366007D4315 /* VisualazationAnimationView.swift */,
				2CD47D7823DCB29B007D4315 /* VisualView.swift */,
			);
			path = "Custom View";
			sourceTree = "<group>";
		};
		2CD47D7C23DCB3B9007D4315 /* Model */ = {
			isa = PBXGroup;
			children = (
				2CD47D7D23DCB3C9007D4315 /* Algorithm.swift */,
				2CD47D8923DCD4DE007D4315 /* DispatchQueueOperation.swift */,
				2CE36C6023DCE566007B8D6E /* AsyncOperation.swift */,
				2CD47D7F23DCB4DF007D4315 /* InsertionSort.swift */,
				2CD47D8723DCD452007D4315 /* SelectionSort.swift */,
				2CE36C6223DCF489007B8D6E /* QuickSort.swift */,
			);
			path = Model;
			sourceTree = "<group>";
		};
		2CD47D8123DCB51E007D4315 /* Helpers */ = {
			isa = PBXGroup;
			children = (
				2CD47D8223DCB52D007D4315 /* Array+Extension.swift */,
			);
			path = Helpers;
			sourceTree = "<group>";
		};
		2CD47D8423DCCDDB007D4315 /* Factory */ = {
			isa = PBXGroup;
			children = (
				2CD47D8523DCCDEE007D4315 /* AlgorithmFactory.swift */,
			);
			path = Factory;
			sourceTree = "<group>";
		};
/* End PBXGroup section */

/* Begin PBXNativeTarget section */
		2CD47D5823DCB052007D4315 /* SortAlghoritmsVizual */ = {
			isa = PBXNativeTarget;
			buildConfigurationList = 2CD47D6D23DCB054007D4315 /* Build configuration list for PBXNativeTarget "SortAlghoritmsVizual" */;
			buildPhases = (
				2CD47D5523DCB052007D4315 /* Sources */,
				2CD47D5623DCB052007D4315 /* Frameworks */,
				2CD47D5723DCB052007D4315 /* Resources */,
			);
			buildRules = (
			);
			dependencies = (
			);
			name = SortAlghoritmsVizual;
			productName = SortAlghoritmsVizual;
			productReference = 2CD47D5923DCB052007D4315 /* SortAlghoritmsVizual.app */;
			productType = "com.apple.product-type.application";
		};
/* End PBXNativeTarget section */

/* Begin PBXProject section */
		2CD47D5123DCB052007D4315 /* Project object */ = {
			isa = PBXProject;
			attributes = {
				LastSwiftUpdateCheck = 1130;
				LastUpgradeCheck = 1130;
				ORGANIZATIONNAME = "Kazim Gadjiev";
				TargetAttributes = {
					2CD47D5823DCB052007D4315 = {
						CreatedOnToolsVersion = 11.3.1;
					};
				};
			};
			buildConfigurationList = 2CD47D5423DCB052007D4315 /* Build configuration list for PBXProject "SortAlghoritmsVizual" */;
			compatibilityVersion = "Xcode 9.3";
			developmentRegion = en;
			hasScannedForEncodings = 0;
			knownRegions = (
				en,
				Base,
			);
			mainGroup = 2CD47D5023DCB052007D4315;
			productRefGroup = 2CD47D5A23DCB052007D4315 /* Products */;
			projectDirPath = "";
			projectRoot = "";
			targets = (
				2CD47D5823DCB052007D4315 /* SortAlghoritmsVizual */,
			);
		};
/* End PBXProject section */

/* Begin PBXResourcesBuildPhase section */
		2CD47D5723DCB052007D4315 /* Resources */ = {
			isa = PBXResourcesBuildPhase;
			buildActionMask = 2147483647;
			files = (
				2CD47D6923DCB054007D4315 /* LaunchScreen.storyboard in Resources */,
				2CD47D6623DCB054007D4315 /* Assets.xcassets in Resources */,
				2CD47D6423DCB052007D4315 /* Main.storyboard in Resources */,
			);
			runOnlyForDeploymentPostprocessing = 0;
		};
/* End PBXResourcesBuildPhase section */

/* Begin PBXSourcesBuildPhase section */
		2CD47D5523DCB052007D4315 /* Sources */ = {
			isa = PBXSourcesBuildPhase;
			buildActionMask = 2147483647;
			files = (
				2CD47D5D23DCB052007D4315 /* AppDelegate.swift in Sources */,
				2CE36C6123DCE566007B8D6E /* AsyncOperation.swift in Sources */,
				2CD47D8A23DCD4DE007D4315 /* DispatchQueueOperation.swift in Sources */,
				2CD47D8023DCB4DF007D4315 /* InsertionSort.swift in Sources */,
				2CD47D7423DCB0A7007D4315 /* VisualzationView.swift in Sources */,
				2CE36C6523DCF69D007B8D6E /* Constants.swift in Sources */,
				2CD47D8323DCB52D007D4315 /* Array+Extension.swift in Sources */,
				2CD47D8823DCD452007D4315 /* SelectionSort.swift in Sources */,
				2CD47D7223DCB098007D4315 /* VisualazationViewController.swift in Sources */,
				2CD47D7923DCB29B007D4315 /* VisualView.swift in Sources */,
				2CE36C6323DCF489007B8D6E /* QuickSort.swift in Sources */,
				2CD47D7B23DCB366007D4315 /* VisualazationAnimationView.swift in Sources */,
				2CD47D7623DCB0AF007D4315 /* VisualzationPresenter.swift in Sources */,
				2CD47D8623DCCDEE007D4315 /* AlgorithmFactory.swift in Sources */,
				2CD47D7E23DCB3C9007D4315 /* Algorithm.swift in Sources */,
			);
			runOnlyForDeploymentPostprocessing = 0;
		};
/* End PBXSourcesBuildPhase section */

/* Begin PBXVariantGroup section */
		2CD47D6223DCB052007D4315 /* Main.storyboard */ = {
			isa = PBXVariantGroup;
			children = (
				2CD47D6323DCB052007D4315 /* Base */,
			);
			name = Main.storyboard;
			sourceTree = "<group>";
		};
		2CD47D6723DCB054007D4315 /* LaunchScreen.storyboard */ = {
			isa = PBXVariantGroup;
			children = (
				2CD47D6823DCB054007D4315 /* Base */,
			);
			name = LaunchScreen.storyboard;
			sourceTree = "<group>";
		};
/* End PBXVariantGroup section */

/* Begin XCBuildConfiguration section */
		2CD47D6B23DCB054007D4315 /* Debug */ = {
			isa = XCBuildConfiguration;
			buildSettings = {
				ALWAYS_SEARCH_USER_PATHS = NO;
				CLANG_ANALYZER_NONNULL = YES;
				CLANG_ANALYZER_NUMBER_OBJECT_CONVERSION = YES_AGGRESSIVE;
				CLANG_CXX_LANGUAGE_STANDARD = "gnu++14";
				CLANG_CXX_LIBRARY = "libc++";
				CLANG_ENABLE_MODULES = YES;
				CLANG_ENABLE_OBJC_ARC = YES;
				CLANG_ENABLE_OBJC_WEAK = YES;
				CLANG_WARN_BLOCK_CAPTURE_AUTORELEASING = YES;
				CLANG_WARN_BOOL_CONVERSION = YES;
				CLANG_WARN_COMMA = YES;
				CLANG_WARN_CONSTANT_CONVERSION = YES;
				CLANG_WARN_DEPRECATED_OBJC_IMPLEMENTATIONS = YES;
				CLANG_WARN_DIRECT_OBJC_ISA_USAGE = YES_ERROR;
				CLANG_WARN_DOCUMENTATION_COMMENTS = YES;
				CLANG_WARN_EMPTY_BODY = YES;
				CLANG_WARN_ENUM_CONVERSION = YES;
				CLANG_WARN_INFINITE_RECURSION = YES;
				CLANG_WARN_INT_CONVERSION = YES;
				CLANG_WARN_NON_LITERAL_NULL_CONVERSION = YES;
				CLANG_WARN_OBJC_IMPLICIT_RETAIN_SELF = YES;
				CLANG_WARN_OBJC_LITERAL_CONVERSION = YES;
				CLANG_WARN_OBJC_ROOT_CLASS = YES_ERROR;
				CLANG_WARN_RANGE_LOOP_ANALYSIS = YES;
				CLANG_WARN_STRICT_PROTOTYPES = YES;
				CLANG_WARN_SUSPICIOUS_MOVE = YES;
				CLANG_WARN_UNGUARDED_AVAILABILITY = YES_AGGRESSIVE;
				CLANG_WARN_UNREACHABLE_CODE = YES;
				CLANG_WARN__DUPLICATE_METHOD_MATCH = YES;
				COPY_PHASE_STRIP = NO;
				DEBUG_INFORMATION_FORMAT = dwarf;
				ENABLE_STRICT_OBJC_MSGSEND = YES;
				ENABLE_TESTABILITY = YES;
				GCC_C_LANGUAGE_STANDARD = gnu11;
				GCC_DYNAMIC_NO_PIC = NO;
				GCC_NO_COMMON_BLOCKS = YES;
				GCC_OPTIMIZATION_LEVEL = 0;
				GCC_PREPROCESSOR_DEFINITIONS = (
					"DEBUG=1",
					"$(inherited)",
				);
				GCC_WARN_64_TO_32_BIT_CONVERSION = YES;
				GCC_WARN_ABOUT_RETURN_TYPE = YES_ERROR;
				GCC_WARN_UNDECLARED_SELECTOR = YES;
				GCC_WARN_UNINITIALIZED_AUTOS = YES_AGGRESSIVE;
				GCC_WARN_UNUSED_FUNCTION = YES;
				GCC_WARN_UNUSED_VARIABLE = YES;
				IPHONEOS_DEPLOYMENT_TARGET = 13.2;
				MTL_ENABLE_DEBUG_INFO = INCLUDE_SOURCE;
				MTL_FAST_MATH = YES;
				ONLY_ACTIVE_ARCH = YES;
				SDKROOT = iphoneos;
				SWIFT_ACTIVE_COMPILATION_CONDITIONS = DEBUG;
				SWIFT_OPTIMIZATION_LEVEL = "-Onone";
			};
			name = Debug;
		};
		2CD47D6C23DCB054007D4315 /* Release */ = {
			isa = XCBuildConfiguration;
			buildSettings = {
				ALWAYS_SEARCH_USER_PATHS = NO;
				CLANG_ANALYZER_NONNULL = YES;
				CLANG_ANALYZER_NUMBER_OBJECT_CONVERSION = YES_AGGRESSIVE;
				CLANG_CXX_LANGUAGE_STANDARD = "gnu++14";
				CLANG_CXX_LIBRARY = "libc++";
				CLANG_ENABLE_MODULES = YES;
				CLANG_ENABLE_OBJC_ARC = YES;
				CLANG_ENABLE_OBJC_WEAK = YES;
				CLANG_WARN_BLOCK_CAPTURE_AUTORELEASING = YES;
				CLANG_WARN_BOOL_CONVERSION = YES;
				CLANG_WARN_COMMA = YES;
				CLANG_WARN_CONSTANT_CONVERSION = YES;
				CLANG_WARN_DEPRECATED_OBJC_IMPLEMENTATIONS = YES;
				CLANG_WARN_DIRECT_OBJC_ISA_USAGE = YES_ERROR;
				CLANG_WARN_DOCUMENTATION_COMMENTS = YES;
				CLANG_WARN_EMPTY_BODY = YES;
				CLANG_WARN_ENUM_CONVERSION = YES;
				CLANG_WARN_INFINITE_RECURSION = YES;
				CLANG_WARN_INT_CONVERSION = YES;
				CLANG_WARN_NON_LITERAL_NULL_CONVERSION = YES;
				CLANG_WARN_OBJC_IMPLICIT_RETAIN_SELF = YES;
				CLANG_WARN_OBJC_LITERAL_CONVERSION = YES;
				CLANG_WARN_OBJC_ROOT_CLASS = YES_ERROR;
				CLANG_WARN_RANGE_LOOP_ANALYSIS = YES;
				CLANG_WARN_STRICT_PROTOTYPES = YES;
				CLANG_WARN_SUSPICIOUS_MOVE = YES;
				CLANG_WARN_UNGUARDED_AVAILABILITY = YES_AGGRESSIVE;
				CLANG_WARN_UNREACHABLE_CODE = YES;
				CLANG_WARN__DUPLICATE_METHOD_MATCH = YES;
				COPY_PHASE_STRIP = NO;
				DEBUG_INFORMATION_FORMAT = "dwarf-with-dsym";
				ENABLE_NS_ASSERTIONS = NO;
				ENABLE_STRICT_OBJC_MSGSEND = YES;
				GCC_C_LANGUAGE_STANDARD = gnu11;
				GCC_NO_COMMON_BLOCKS = YES;
				GCC_WARN_64_TO_32_BIT_CONVERSION = YES;
				GCC_WARN_ABOUT_RETURN_TYPE = YES_ERROR;
				GCC_WARN_UNDECLARED_SELECTOR = YES;
				GCC_WARN_UNINITIALIZED_AUTOS = YES_AGGRESSIVE;
				GCC_WARN_UNUSED_FUNCTION = YES;
				GCC_WARN_UNUSED_VARIABLE = YES;
				IPHONEOS_DEPLOYMENT_TARGET = 13.2;
				MTL_ENABLE_DEBUG_INFO = NO;
				MTL_FAST_MATH = YES;
				SDKROOT = iphoneos;
				SWIFT_COMPILATION_MODE = wholemodule;
				SWIFT_OPTIMIZATION_LEVEL = "-O";
				VALIDATE_PRODUCT = YES;
			};
			name = Release;
		};
		2CD47D6E23DCB054007D4315 /* Debug */ = {
			isa = XCBuildConfiguration;
			buildSettings = {
				ASSETCATALOG_COMPILER_APPICON_NAME = AppIcon;
				CODE_SIGN_STYLE = Automatic;
				DEVELOPMENT_TEAM = 6Y8VJ3QA63;
				INFOPLIST_FILE = SortAlghoritmsVizual/Info.plist;
				IPHONEOS_DEPLOYMENT_TARGET = 11.0;
				LD_RUNPATH_SEARCH_PATHS = (
					"$(inherited)",
					"@executable_path/Frameworks",
				);
				PRODUCT_BUNDLE_IDENTIFIER = com.umbrellait.SortAlghoritmsVizual;
				PRODUCT_NAME = "$(TARGET_NAME)";
				SWIFT_VERSION = 5.0;
				TARGETED_DEVICE_FAMILY = 1;
			};
			name = Debug;
		};
		2CD47D6F23DCB054007D4315 /* Release */ = {
			isa = XCBuildConfiguration;
			buildSettings = {
				ASSETCATALOG_COMPILER_APPICON_NAME = AppIcon;
				CODE_SIGN_STYLE = Automatic;
				DEVELOPMENT_TEAM = 6Y8VJ3QA63;
				INFOPLIST_FILE = SortAlghoritmsVizual/Info.plist;
				IPHONEOS_DEPLOYMENT_TARGET = 11.0;
				LD_RUNPATH_SEARCH_PATHS = (
					"$(inherited)",
					"@executable_path/Frameworks",
				);
				PRODUCT_BUNDLE_IDENTIFIER = com.umbrellait.SortAlghoritmsVizual;
				PRODUCT_NAME = "$(TARGET_NAME)";
				SWIFT_VERSION = 5.0;
				TARGETED_DEVICE_FAMILY = 1;
			};
			name = Release;
		};
/* End XCBuildConfiguration section */

/* Begin XCConfigurationList section */
		2CD47D5423DCB052007D4315 /* Build configuration list for PBXProject "SortAlghoritmsVizual" */ = {
			isa = XCConfigurationList;
			buildConfigurations = (
				2CD47D6B23DCB054007D4315 /* Debug */,
				2CD47D6C23DCB054007D4315 /* Release */,
			);
			defaultConfigurationIsVisible = 0;
			defaultConfigurationName = Release;
		};
		2CD47D6D23DCB054007D4315 /* Build configuration list for PBXNativeTarget "SortAlghoritmsVizual" */ = {
			isa = XCConfigurationList;
			buildConfigurations = (
				2CD47D6E23DCB054007D4315 /* Debug */,
				2CD47D6F23DCB054007D4315 /* Release */,
			);
			defaultConfigurationIsVisible = 0;
			defaultConfigurationName = Release;
		};
/* End XCConfigurationList section */
	};
	rootObject = 2CD47D5123DCB052007D4315 /* Project object */;
}
